// !$*UTF8*$!
{
	archiveVersion = 1;
	classes = {
	};
	objectVersion = 50;
	objects = {

/* Begin PBXBuildFile section */
		5A122FE82547490C00417AEE /* AppDelegate.swift in Sources */ = {isa = PBXBuildFile; fileRef = 5A122FE72547490C00417AEE /* AppDelegate.swift */; };
		5A122FEA2547490C00417AEE /* SceneDelegate.swift in Sources */ = {isa = PBXBuildFile; fileRef = 5A122FE92547490C00417AEE /* SceneDelegate.swift */; };
		5A122FEC2547490C00417AEE /* ViewController.swift in Sources */ = {isa = PBXBuildFile; fileRef = 5A122FEB2547490C00417AEE /* ViewController.swift */; };
		5A122FEF2547490C00417AEE /* Main.storyboard in Resources */ = {isa = PBXBuildFile; fileRef = 5A122FED2547490C00417AEE /* Main.storyboard */; };
		5A122FF22547490C00417AEE /* Memu.xcdatamodeld in Sources */ = {isa = PBXBuildFile; fileRef = 5A122FF02547490C00417AEE /* Memu.xcdatamodeld */; };
		5A122FF42547490D00417AEE /* Assets.xcassets in Resources */ = {isa = PBXBuildFile; fileRef = 5A122FF32547490D00417AEE /* Assets.xcassets */; };
		5A122FF72547490D00417AEE /* LaunchScreen.storyboard in Resources */ = {isa = PBXBuildFile; fileRef = 5A122FF52547490D00417AEE /* LaunchScreen.storyboard */; };
		5A1230022547490D00417AEE /* MemuTests.swift in Sources */ = {isa = PBXBuildFile; fileRef = 5A1230012547490D00417AEE /* MemuTests.swift */; };
		5A12300D2547490D00417AEE /* MemuUITests.swift in Sources */ = {isa = PBXBuildFile; fileRef = 5A12300C2547490D00417AEE /* MemuUITests.swift */; };
		5A6A09122551D2B600F143ED /* HomeScreen.storyboard in Resources */ = {isa = PBXBuildFile; fileRef = 5A6A09112551D2B600F143ED /* HomeScreen.storyboard */; };
		5A6A09172551D2C000F143ED /* Menu.storyboard in Resources */ = {isa = PBXBuildFile; fileRef = 5A6A09162551D2C000F143ED /* Menu.storyboard */; };
		5A6A091C2551D2D200F143ED /* Launchpad.storyboard in Resources */ = {isa = PBXBuildFile; fileRef = 5A6A091B2551D2D200F143ED /* Launchpad.storyboard */; };
		5A6A09212551D2DE00F143ED /* Notes.storyboard in Resources */ = {isa = PBXBuildFile; fileRef = 5A6A09202551D2DE00F143ED /* Notes.storyboard */; };
		5A6A09262551D2EB00F143ED /* Puzzle.storyboard in Resources */ = {isa = PBXBuildFile; fileRef = 5A6A09252551D2EB00F143ED /* Puzzle.storyboard */; };
		5A6A092B2551D32200F143ED /* Rewards.storyboard in Resources */ = {isa = PBXBuildFile; fileRef = 5A6A092A2551D32200F143ED /* Rewards.storyboard */; };
		5A6A093D2551D41300F143ED /* MenuViewController.swift in Sources */ = {isa = PBXBuildFile; fileRef = 5A6A093C2551D41300F143ED /* MenuViewController.swift */; };
		5A6A09452551D44800F143ED /* HomeScreenViewController.swift in Sources */ = {isa = PBXBuildFile; fileRef = 5A6A09442551D44800F143ED /* HomeScreenViewController.swift */; };
		5A6A094A2551D47B00F143ED /* LaunchpadViewController.swift in Sources */ = {isa = PBXBuildFile; fileRef = 5A6A09492551D47B00F143ED /* LaunchpadViewController.swift */; };
		5A6A094F2551D48C00F143ED /* NotesViewController.swift in Sources */ = {isa = PBXBuildFile; fileRef = 5A6A094E2551D48C00F143ED /* NotesViewController.swift */; };
		5A6A09552551D4AA00F143ED /* PuzzleViewController.swift in Sources */ = {isa = PBXBuildFile; fileRef = 5A6A09542551D4AA00F143ED /* PuzzleViewController.swift */; };
		5A6A095D2551D4C300F143ED /* RewardsViewController.swift in Sources */ = {isa = PBXBuildFile; fileRef = 5A6A095C2551D4C300F143ED /* RewardsViewController.swift */; };
		831B1F982559CED000AEACEC /* marimba_nota_la.mp3 in Resources */ = {isa = PBXBuildFile; fileRef = 831B1F912559CECF00AEACEC /* marimba_nota_la.mp3 */; };
		831B1F992559CED000AEACEC /* marimba_nota_si.mp3 in Resources */ = {isa = PBXBuildFile; fileRef = 831B1F922559CECF00AEACEC /* marimba_nota_si.mp3 */; };
		831B1F9A2559CED000AEACEC /* marimba_nota_mi.mp3 in Resources */ = {isa = PBXBuildFile; fileRef = 831B1F932559CECF00AEACEC /* marimba_nota_mi.mp3 */; };
		831B1F9B2559CED000AEACEC /* marimba_nota_sol.mp3 in Resources */ = {isa = PBXBuildFile; fileRef = 831B1F942559CECF00AEACEC /* marimba_nota_sol.mp3 */; };
		831B1F9C2559CED000AEACEC /* marimba_nota_do.mp3 in Resources */ = {isa = PBXBuildFile; fileRef = 831B1F952559CECF00AEACEC /* marimba_nota_do.mp3 */; };
		831B1F9D2559CED000AEACEC /* marimba_nota_re.mp3 in Resources */ = {isa = PBXBuildFile; fileRef = 831B1F962559CECF00AEACEC /* marimba_nota_re.mp3 */; };
		831B1F9E2559CED000AEACEC /* marimba_nota_fa.mp3 in Resources */ = {isa = PBXBuildFile; fileRef = 831B1F972559CED000AEACEC /* marimba_nota_fa.mp3 */; };
/* End PBXBuildFile section */

/* Begin PBXContainerItemProxy section */
		5A122FFE2547490D00417AEE /* PBXContainerItemProxy */ = {
			isa = PBXContainerItemProxy;
			containerPortal = 5A122FDC2547490C00417AEE /* Project object */;
			proxyType = 1;
			remoteGlobalIDString = 5A122FE32547490C00417AEE;
			remoteInfo = Memu;
		};
		5A1230092547490D00417AEE /* PBXContainerItemProxy */ = {
			isa = PBXContainerItemProxy;
			containerPortal = 5A122FDC2547490C00417AEE /* Project object */;
			proxyType = 1;
			remoteGlobalIDString = 5A122FE32547490C00417AEE;
			remoteInfo = Memu;
		};
/* End PBXContainerItemProxy section */

/* Begin PBXFileReference section */
		5A122FE42547490C00417AEE /* Memu.app */ = {isa = PBXFileReference; explicitFileType = wrapper.application; includeInIndex = 0; path = Memu.app; sourceTree = BUILT_PRODUCTS_DIR; };
		5A122FE72547490C00417AEE /* AppDelegate.swift */ = {isa = PBXFileReference; lastKnownFileType = sourcecode.swift; path = AppDelegate.swift; sourceTree = "<group>"; };
		5A122FE92547490C00417AEE /* SceneDelegate.swift */ = {isa = PBXFileReference; lastKnownFileType = sourcecode.swift; path = SceneDelegate.swift; sourceTree = "<group>"; };
		5A122FEB2547490C00417AEE /* ViewController.swift */ = {isa = PBXFileReference; lastKnownFileType = sourcecode.swift; path = ViewController.swift; sourceTree = "<group>"; };
		5A122FEE2547490C00417AEE /* Base */ = {isa = PBXFileReference; lastKnownFileType = file.storyboard; name = Base; path = Base.lproj/Main.storyboard; sourceTree = "<group>"; };
		5A122FF12547490C00417AEE /* Memu.xcdatamodel */ = {isa = PBXFileReference; lastKnownFileType = wrapper.xcdatamodel; path = Memu.xcdatamodel; sourceTree = "<group>"; };
		5A122FF32547490D00417AEE /* Assets.xcassets */ = {isa = PBXFileReference; lastKnownFileType = folder.assetcatalog; path = Assets.xcassets; sourceTree = "<group>"; };
		5A122FF62547490D00417AEE /* Base */ = {isa = PBXFileReference; lastKnownFileType = file.storyboard; name = Base; path = Base.lproj/LaunchScreen.storyboard; sourceTree = "<group>"; };
		5A122FF82547490D00417AEE /* Info.plist */ = {isa = PBXFileReference; lastKnownFileType = text.plist.xml; path = Info.plist; sourceTree = "<group>"; };
		5A122FFD2547490D00417AEE /* MemuTests.xctest */ = {isa = PBXFileReference; explicitFileType = wrapper.cfbundle; includeInIndex = 0; path = MemuTests.xctest; sourceTree = BUILT_PRODUCTS_DIR; };
		5A1230012547490D00417AEE /* MemuTests.swift */ = {isa = PBXFileReference; lastKnownFileType = sourcecode.swift; path = MemuTests.swift; sourceTree = "<group>"; };
		5A1230032547490D00417AEE /* Info.plist */ = {isa = PBXFileReference; lastKnownFileType = text.plist.xml; path = Info.plist; sourceTree = "<group>"; };
		5A1230082547490D00417AEE /* MemuUITests.xctest */ = {isa = PBXFileReference; explicitFileType = wrapper.cfbundle; includeInIndex = 0; path = MemuUITests.xctest; sourceTree = BUILT_PRODUCTS_DIR; };
		5A12300C2547490D00417AEE /* MemuUITests.swift */ = {isa = PBXFileReference; lastKnownFileType = sourcecode.swift; path = MemuUITests.swift; sourceTree = "<group>"; };
		5A12300E2547490D00417AEE /* Info.plist */ = {isa = PBXFileReference; lastKnownFileType = text.plist.xml; path = Info.plist; sourceTree = "<group>"; };
		5A6A09112551D2B600F143ED /* HomeScreen.storyboard */ = {isa = PBXFileReference; lastKnownFileType = file.storyboard; path = HomeScreen.storyboard; sourceTree = "<group>"; };
		5A6A09162551D2C000F143ED /* Menu.storyboard */ = {isa = PBXFileReference; lastKnownFileType = file.storyboard; path = Menu.storyboard; sourceTree = "<group>"; };
		5A6A091B2551D2D200F143ED /* Launchpad.storyboard */ = {isa = PBXFileReference; lastKnownFileType = file.storyboard; path = Launchpad.storyboard; sourceTree = "<group>"; };
		5A6A09202551D2DE00F143ED /* Notes.storyboard */ = {isa = PBXFileReference; lastKnownFileType = file.storyboard; path = Notes.storyboard; sourceTree = "<group>"; };
		5A6A09252551D2EB00F143ED /* Puzzle.storyboard */ = {isa = PBXFileReference; lastKnownFileType = file.storyboard; path = Puzzle.storyboard; sourceTree = "<group>"; };
		5A6A092A2551D32200F143ED /* Rewards.storyboard */ = {isa = PBXFileReference; lastKnownFileType = file.storyboard; path = Rewards.storyboard; sourceTree = "<group>"; };
		5A6A093C2551D41300F143ED /* MenuViewController.swift */ = {isa = PBXFileReference; lastKnownFileType = sourcecode.swift; path = MenuViewController.swift; sourceTree = "<group>"; };
		5A6A09442551D44800F143ED /* HomeScreenViewController.swift */ = {isa = PBXFileReference; lastKnownFileType = sourcecode.swift; path = HomeScreenViewController.swift; sourceTree = "<group>"; };
		5A6A09492551D47B00F143ED /* LaunchpadViewController.swift */ = {isa = PBXFileReference; lastKnownFileType = sourcecode.swift; path = LaunchpadViewController.swift; sourceTree = "<group>"; };
		5A6A094E2551D48C00F143ED /* NotesViewController.swift */ = {isa = PBXFileReference; lastKnownFileType = sourcecode.swift; path = NotesViewController.swift; sourceTree = "<group>"; };
		5A6A09542551D4AA00F143ED /* PuzzleViewController.swift */ = {isa = PBXFileReference; lastKnownFileType = sourcecode.swift; path = PuzzleViewController.swift; sourceTree = "<group>"; };
		5A6A095C2551D4C300F143ED /* RewardsViewController.swift */ = {isa = PBXFileReference; lastKnownFileType = sourcecode.swift; path = RewardsViewController.swift; sourceTree = "<group>"; };
		830DE1E02559C8570024DD08 /* default_interface.mp3 */ = {isa = PBXFileReference; lastKnownFileType = audio.mp3; path = default_interface.mp3; sourceTree = "<group>"; };
		830DE1E12559C8570024DD08 /* feedback_negativo.mp3 */ = {isa = PBXFileReference; lastKnownFileType = audio.mp3; path = feedback_negativo.mp3; sourceTree = "<group>"; };
		830DE1E22559C8570024DD08 /* feedback_positivo.mp3 */ = {isa = PBXFileReference; lastKnownFileType = audio.mp3; path = feedback_positivo.mp3; sourceTree = "<group>"; };
		830DE1E32559C8570024DD08 /* feedback_recompensa.mp3 */ = {isa = PBXFileReference; lastKnownFileType = audio.mp3; path = feedback_recompensa.mp3; sourceTree = "<group>"; };
		830DE1E42559C8570024DD08 /* tecla_bloqueada.mp3 */ = {isa = PBXFileReference; lastKnownFileType = audio.mp3; path = tecla_bloqueada.mp3; sourceTree = "<group>"; };
		831B1F912559CECF00AEACEC /* marimba_nota_la.mp3 */ = {isa = PBXFileReference; lastKnownFileType = audio.mp3; name = marimba_nota_la.mp3; path = ../../../../../../Downloads/Notas/marimba_nota_la.mp3; sourceTree = "<group>"; };
		831B1F922559CECF00AEACEC /* marimba_nota_si.mp3 */ = {isa = PBXFileReference; lastKnownFileType = audio.mp3; name = marimba_nota_si.mp3; path = ../../../../../../Downloads/Notas/marimba_nota_si.mp3; sourceTree = "<group>"; };
		831B1F932559CECF00AEACEC /* marimba_nota_mi.mp3 */ = {isa = PBXFileReference; lastKnownFileType = audio.mp3; name = marimba_nota_mi.mp3; path = ../../../../../../Downloads/Notas/marimba_nota_mi.mp3; sourceTree = "<group>"; };
		831B1F942559CECF00AEACEC /* marimba_nota_sol.mp3 */ = {isa = PBXFileReference; lastKnownFileType = audio.mp3; name = marimba_nota_sol.mp3; path = ../../../../../../Downloads/Notas/marimba_nota_sol.mp3; sourceTree = "<group>"; };
		831B1F952559CECF00AEACEC /* marimba_nota_do.mp3 */ = {isa = PBXFileReference; lastKnownFileType = audio.mp3; name = marimba_nota_do.mp3; path = ../../../../../../Downloads/Notas/marimba_nota_do.mp3; sourceTree = "<group>"; };
		831B1F962559CECF00AEACEC /* marimba_nota_re.mp3 */ = {isa = PBXFileReference; lastKnownFileType = audio.mp3; name = marimba_nota_re.mp3; path = ../../../../../../Downloads/Notas/marimba_nota_re.mp3; sourceTree = "<group>"; };
		831B1F972559CED000AEACEC /* marimba_nota_fa.mp3 */ = {isa = PBXFileReference; lastKnownFileType = audio.mp3; name = marimba_nota_fa.mp3; path = ../../../../../../Downloads/Notas/marimba_nota_fa.mp3; sourceTree = "<group>"; };
/* End PBXFileReference section */

/* Begin PBXFrameworksBuildPhase section */
		5A122FE12547490C00417AEE /* Frameworks */ = {
			isa = PBXFrameworksBuildPhase;
			buildActionMask = 2147483647;
			files = (
			);
			runOnlyForDeploymentPostprocessing = 0;
		};
		5A122FFA2547490D00417AEE /* Frameworks */ = {
			isa = PBXFrameworksBuildPhase;
			buildActionMask = 2147483647;
			files = (
			);
			runOnlyForDeploymentPostprocessing = 0;
		};
		5A1230052547490D00417AEE /* Frameworks */ = {
			isa = PBXFrameworksBuildPhase;
			buildActionMask = 2147483647;
			files = (
			);
			runOnlyForDeploymentPostprocessing = 0;
		};
/* End PBXFrameworksBuildPhase section */

/* Begin PBXGroup section */
		5A122FDB2547490C00417AEE = {
			isa = PBXGroup;
			children = (
				5A122FE62547490C00417AEE /* Memu */,
				5A1230002547490D00417AEE /* MemuTests */,
				5A12300B2547490D00417AEE /* MemuUITests */,
				5A122FE52547490C00417AEE /* Products */,
			);
			sourceTree = "<group>";
		};
		5A122FE52547490C00417AEE /* Products */ = {
			isa = PBXGroup;
			children = (
				5A122FE42547490C00417AEE /* Memu.app */,
				5A122FFD2547490D00417AEE /* MemuTests.xctest */,
				5A1230082547490D00417AEE /* MemuUITests.xctest */,
			);
			name = Products;
			sourceTree = "<group>";
		};
		5A122FE62547490C00417AEE /* Memu */ = {
			isa = PBXGroup;
			children = (
				5A6A090A2551CFFD00F143ED /* Home Screen */,
				5A6A090F2551D1BA00F143ED /* Menu */,
				5A6A090C2551D16000F143ED /* Launchpad */,
				5A6A090B2551D12700F143ED /* Notes */,
				5A6A090E2551D18000F143ED /* Puzzle */,
				5A6A09102551D1D300F143ED /* Rewards */,
				830DE1BF2559C6B50024DD08 /* Sounds */,
				5A122FE72547490C00417AEE /* AppDelegate.swift */,
				5A122FE92547490C00417AEE /* SceneDelegate.swift */,
				5A122FEB2547490C00417AEE /* ViewController.swift */,
				5A122FED2547490C00417AEE /* Main.storyboard */,
				5A122FF32547490D00417AEE /* Assets.xcassets */,
				5A122FF52547490D00417AEE /* LaunchScreen.storyboard */,
				5A122FF82547490D00417AEE /* Info.plist */,
				5A122FF02547490C00417AEE /* Memu.xcdatamodeld */,
			);
			path = Memu;
			sourceTree = "<group>";
		};
		5A1230002547490D00417AEE /* MemuTests */ = {
			isa = PBXGroup;
			children = (
				5A1230012547490D00417AEE /* MemuTests.swift */,
				5A1230032547490D00417AEE /* Info.plist */,
			);
			path = MemuTests;
			sourceTree = "<group>";
		};
		5A12300B2547490D00417AEE /* MemuUITests */ = {
			isa = PBXGroup;
			children = (
				5A12300C2547490D00417AEE /* MemuUITests.swift */,
				5A12300E2547490D00417AEE /* Info.plist */,
			);
			path = MemuUITests;
			sourceTree = "<group>";
		};
		5A6A090A2551CFFD00F143ED /* Home Screen */ = {
			isa = PBXGroup;
			children = (
				5A6A09112551D2B600F143ED /* HomeScreen.storyboard */,
				5A6A09442551D44800F143ED /* HomeScreenViewController.swift */,
			);
			path = "Home Screen";
			sourceTree = "<group>";
		};
		5A6A090B2551D12700F143ED /* Notes */ = {
			isa = PBXGroup;
			children = (
				5A6A09202551D2DE00F143ED /* Notes.storyboard */,
				5A6A094E2551D48C00F143ED /* NotesViewController.swift */,
			);
			path = Notes;
			sourceTree = "<group>";
		};
		5A6A090C2551D16000F143ED /* Launchpad */ = {
			isa = PBXGroup;
			children = (
				5A6A091B2551D2D200F143ED /* Launchpad.storyboard */,
				5A6A09492551D47B00F143ED /* LaunchpadViewController.swift */,
			);
			path = Launchpad;
			sourceTree = "<group>";
		};
		5A6A090E2551D18000F143ED /* Puzzle */ = {
			isa = PBXGroup;
			children = (
				5A6A09252551D2EB00F143ED /* Puzzle.storyboard */,
				5A6A09542551D4AA00F143ED /* PuzzleViewController.swift */,
			);
			path = Puzzle;
			sourceTree = "<group>";
		};
		5A6A090F2551D1BA00F143ED /* Menu */ = {
			isa = PBXGroup;
			children = (
				5A6A09162551D2C000F143ED /* Menu.storyboard */,
				5A6A093C2551D41300F143ED /* MenuViewController.swift */,
			);
			path = Menu;
			sourceTree = "<group>";
		};
		5A6A09102551D1D300F143ED /* Rewards */ = {
			isa = PBXGroup;
			children = (
				5A6A092A2551D32200F143ED /* Rewards.storyboard */,
				5A6A095C2551D4C300F143ED /* RewardsViewController.swift */,
			);
			path = Rewards;
			sourceTree = "<group>";
		};
		830DE1BF2559C6B50024DD08 /* Sounds */ = {
			isa = PBXGroup;
			children = (
				830DE1DF2559C8470024DD08 /* Interface */,
				830DE1CD2559C7E20024DD08 /* Marimba */,
			);
			path = Sounds;
			sourceTree = "<group>";
		};
		830DE1CD2559C7E20024DD08 /* Marimba */ = {
			isa = PBXGroup;
			children = (
				831B1F952559CECF00AEACEC /* marimba_nota_do.mp3 */,
				831B1F972559CED000AEACEC /* marimba_nota_fa.mp3 */,
				831B1F912559CECF00AEACEC /* marimba_nota_la.mp3 */,
				831B1F932559CECF00AEACEC /* marimba_nota_mi.mp3 */,
				831B1F962559CECF00AEACEC /* marimba_nota_re.mp3 */,
				831B1F922559CECF00AEACEC /* marimba_nota_si.mp3 */,
				831B1F942559CECF00AEACEC /* marimba_nota_sol.mp3 */,
			);
			path = Marimba;
			sourceTree = "<group>";
		};
		830DE1DF2559C8470024DD08 /* Interface */ = {
			isa = PBXGroup;
			children = (
				830DE1E02559C8570024DD08 /* default_interface.mp3 */,
				830DE1E12559C8570024DD08 /* feedback_negativo.mp3 */,
				830DE1E22559C8570024DD08 /* feedback_positivo.mp3 */,
				830DE1E32559C8570024DD08 /* feedback_recompensa.mp3 */,
				830DE1E42559C8570024DD08 /* tecla_bloqueada.mp3 */,
			);
			path = Interface;
			sourceTree = "<group>";
		};
/* End PBXGroup section */

/* Begin PBXNativeTarget section */
		5A122FE32547490C00417AEE /* Memu */ = {
			isa = PBXNativeTarget;
			buildConfigurationList = 5A1230112547490D00417AEE /* Build configuration list for PBXNativeTarget "Memu" */;
			buildPhases = (
				5A122FE02547490C00417AEE /* Sources */,
				5A122FE12547490C00417AEE /* Frameworks */,
				5A122FE22547490C00417AEE /* Resources */,
			);
			buildRules = (
			);
			dependencies = (
			);
			name = Memu;
			productName = Memu;
			productReference = 5A122FE42547490C00417AEE /* Memu.app */;
			productType = "com.apple.product-type.application";
		};
		5A122FFC2547490D00417AEE /* MemuTests */ = {
			isa = PBXNativeTarget;
			buildConfigurationList = 5A1230142547490D00417AEE /* Build configuration list for PBXNativeTarget "MemuTests" */;
			buildPhases = (
				5A122FF92547490D00417AEE /* Sources */,
				5A122FFA2547490D00417AEE /* Frameworks */,
				5A122FFB2547490D00417AEE /* Resources */,
			);
			buildRules = (
			);
			dependencies = (
				5A122FFF2547490D00417AEE /* PBXTargetDependency */,
			);
			name = MemuTests;
			productName = MemuTests;
			productReference = 5A122FFD2547490D00417AEE /* MemuTests.xctest */;
			productType = "com.apple.product-type.bundle.unit-test";
		};
		5A1230072547490D00417AEE /* MemuUITests */ = {
			isa = PBXNativeTarget;
			buildConfigurationList = 5A1230172547490D00417AEE /* Build configuration list for PBXNativeTarget "MemuUITests" */;
			buildPhases = (
				5A1230042547490D00417AEE /* Sources */,
				5A1230052547490D00417AEE /* Frameworks */,
				5A1230062547490D00417AEE /* Resources */,
			);
			buildRules = (
			);
			dependencies = (
				5A12300A2547490D00417AEE /* PBXTargetDependency */,
			);
			name = MemuUITests;
			productName = MemuUITests;
			productReference = 5A1230082547490D00417AEE /* MemuUITests.xctest */;
			productType = "com.apple.product-type.bundle.ui-testing";
		};
/* End PBXNativeTarget section */

/* Begin PBXProject section */
		5A122FDC2547490C00417AEE /* Project object */ = {
			isa = PBXProject;
			attributes = {
				LastSwiftUpdateCheck = 1210;
				LastUpgradeCheck = 1210;
				TargetAttributes = {
					5A122FE32547490C00417AEE = {
						CreatedOnToolsVersion = 12.1;
					};
					5A122FFC2547490D00417AEE = {
						CreatedOnToolsVersion = 12.1;
						TestTargetID = 5A122FE32547490C00417AEE;
					};
					5A1230072547490D00417AEE = {
						CreatedOnToolsVersion = 12.1;
						TestTargetID = 5A122FE32547490C00417AEE;
					};
				};
			};
			buildConfigurationList = 5A122FDF2547490C00417AEE /* Build configuration list for PBXProject "Memu" */;
			compatibilityVersion = "Xcode 9.3";
			developmentRegion = en;
			hasScannedForEncodings = 0;
			knownRegions = (
				en,
				Base,
			);
			mainGroup = 5A122FDB2547490C00417AEE;
			productRefGroup = 5A122FE52547490C00417AEE /* Products */;
			projectDirPath = "";
			projectRoot = "";
			targets = (
				5A122FE32547490C00417AEE /* Memu */,
				5A122FFC2547490D00417AEE /* MemuTests */,
				5A1230072547490D00417AEE /* MemuUITests */,
			);
		};
/* End PBXProject section */

/* Begin PBXResourcesBuildPhase section */
		5A122FE22547490C00417AEE /* Resources */ = {
			isa = PBXResourcesBuildPhase;
			buildActionMask = 2147483647;
			files = (
				5A6A09172551D2C000F143ED /* Menu.storyboard in Resources */,
				831B1F9E2559CED000AEACEC /* marimba_nota_fa.mp3 in Resources */,
				831B1F982559CED000AEACEC /* marimba_nota_la.mp3 in Resources */,
				5A6A09212551D2DE00F143ED /* Notes.storyboard in Resources */,
				831B1F9C2559CED000AEACEC /* marimba_nota_do.mp3 in Resources */,
				5A6A092B2551D32200F143ED /* Rewards.storyboard in Resources */,
				831B1F9A2559CED000AEACEC /* marimba_nota_mi.mp3 in Resources */,
				5A6A09262551D2EB00F143ED /* Puzzle.storyboard in Resources */,
				831B1F9B2559CED000AEACEC /* marimba_nota_sol.mp3 in Resources */,
				5A122FF72547490D00417AEE /* LaunchScreen.storyboard in Resources */,
				831B1F992559CED000AEACEC /* marimba_nota_si.mp3 in Resources */,
				831B1F9D2559CED000AEACEC /* marimba_nota_re.mp3 in Resources */,
				5A6A09122551D2B600F143ED /* HomeScreen.storyboard in Resources */,
				5A6A091C2551D2D200F143ED /* Launchpad.storyboard in Resources */,
				5A122FF42547490D00417AEE /* Assets.xcassets in Resources */,
				5A122FEF2547490C00417AEE /* Main.storyboard in Resources */,
			);
			runOnlyForDeploymentPostprocessing = 0;
		};
		5A122FFB2547490D00417AEE /* Resources */ = {
			isa = PBXResourcesBuildPhase;
			buildActionMask = 2147483647;
			files = (
			);
			runOnlyForDeploymentPostprocessing = 0;
		};
		5A1230062547490D00417AEE /* Resources */ = {
			isa = PBXResourcesBuildPhase;
			buildActionMask = 2147483647;
			files = (
			);
			runOnlyForDeploymentPostprocessing = 0;
		};
/* End PBXResourcesBuildPhase section */

/* Begin PBXSourcesBuildPhase section */
		5A122FE02547490C00417AEE /* Sources */ = {
			isa = PBXSourcesBuildPhase;
			buildActionMask = 2147483647;
			files = (
				5A122FEC2547490C00417AEE /* ViewController.swift in Sources */,
				5A6A09552551D4AA00F143ED /* PuzzleViewController.swift in Sources */,
				5A6A093D2551D41300F143ED /* MenuViewController.swift in Sources */,
				5A122FF22547490C00417AEE /* Memu.xcdatamodeld in Sources */,
				5A122FE82547490C00417AEE /* AppDelegate.swift in Sources */,
				5A6A095D2551D4C300F143ED /* RewardsViewController.swift in Sources */,
				5A6A094F2551D48C00F143ED /* NotesViewController.swift in Sources */,
				5A6A094A2551D47B00F143ED /* LaunchpadViewController.swift in Sources */,
				5A122FEA2547490C00417AEE /* SceneDelegate.swift in Sources */,
				5A6A09452551D44800F143ED /* HomeScreenViewController.swift in Sources */,
			);
			runOnlyForDeploymentPostprocessing = 0;
		};
		5A122FF92547490D00417AEE /* Sources */ = {
			isa = PBXSourcesBuildPhase;
			buildActionMask = 2147483647;
			files = (
				5A1230022547490D00417AEE /* MemuTests.swift in Sources */,
			);
			runOnlyForDeploymentPostprocessing = 0;
		};
		5A1230042547490D00417AEE /* Sources */ = {
			isa = PBXSourcesBuildPhase;
			buildActionMask = 2147483647;
			files = (
				5A12300D2547490D00417AEE /* MemuUITests.swift in Sources */,
			);
			runOnlyForDeploymentPostprocessing = 0;
		};
/* End PBXSourcesBuildPhase section */

/* Begin PBXTargetDependency section */
		5A122FFF2547490D00417AEE /* PBXTargetDependency */ = {
			isa = PBXTargetDependency;
			target = 5A122FE32547490C00417AEE /* Memu */;
			targetProxy = 5A122FFE2547490D00417AEE /* PBXContainerItemProxy */;
		};
		5A12300A2547490D00417AEE /* PBXTargetDependency */ = {
			isa = PBXTargetDependency;
			target = 5A122FE32547490C00417AEE /* Memu */;
			targetProxy = 5A1230092547490D00417AEE /* PBXContainerItemProxy */;
		};
/* End PBXTargetDependency section */

/* Begin PBXVariantGroup section */
		5A122FED2547490C00417AEE /* Main.storyboard */ = {
			isa = PBXVariantGroup;
			children = (
				5A122FEE2547490C00417AEE /* Base */,
			);
			name = Main.storyboard;
			sourceTree = "<group>";
		};
		5A122FF52547490D00417AEE /* LaunchScreen.storyboard */ = {
			isa = PBXVariantGroup;
			children = (
				5A122FF62547490D00417AEE /* Base */,
			);
			name = LaunchScreen.storyboard;
			sourceTree = "<group>";
		};
/* End PBXVariantGroup section */

/* Begin XCBuildConfiguration section */
		5A12300F2547490D00417AEE /* Debug */ = {
			isa = XCBuildConfiguration;
			buildSettings = {
				ALWAYS_SEARCH_USER_PATHS = NO;
				CLANG_ANALYZER_NONNULL = YES;
				CLANG_ANALYZER_NUMBER_OBJECT_CONVERSION = YES_AGGRESSIVE;
				CLANG_CXX_LANGUAGE_STANDARD = "gnu++14";
				CLANG_CXX_LIBRARY = "libc++";
				CLANG_ENABLE_MODULES = YES;
				CLANG_ENABLE_OBJC_ARC = YES;
				CLANG_ENABLE_OBJC_WEAK = YES;
				CLANG_WARN_BLOCK_CAPTURE_AUTORELEASING = YES;
				CLANG_WARN_BOOL_CONVERSION = YES;
				CLANG_WARN_COMMA = YES;
				CLANG_WARN_CONSTANT_CONVERSION = YES;
				CLANG_WARN_DEPRECATED_OBJC_IMPLEMENTATIONS = YES;
				CLANG_WARN_DIRECT_OBJC_ISA_USAGE = YES_ERROR;
				CLANG_WARN_DOCUMENTATION_COMMENTS = YES;
				CLANG_WARN_EMPTY_BODY = YES;
				CLANG_WARN_ENUM_CONVERSION = YES;
				CLANG_WARN_INFINITE_RECURSION = YES;
				CLANG_WARN_INT_CONVERSION = YES;
				CLANG_WARN_NON_LITERAL_NULL_CONVERSION = YES;
				CLANG_WARN_OBJC_IMPLICIT_RETAIN_SELF = YES;
				CLANG_WARN_OBJC_LITERAL_CONVERSION = YES;
				CLANG_WARN_OBJC_ROOT_CLASS = YES_ERROR;
				CLANG_WARN_QUOTED_INCLUDE_IN_FRAMEWORK_HEADER = YES;
				CLANG_WARN_RANGE_LOOP_ANALYSIS = YES;
				CLANG_WARN_STRICT_PROTOTYPES = YES;
				CLANG_WARN_SUSPICIOUS_MOVE = YES;
				CLANG_WARN_UNGUARDED_AVAILABILITY = YES_AGGRESSIVE;
				CLANG_WARN_UNREACHABLE_CODE = YES;
				CLANG_WARN__DUPLICATE_METHOD_MATCH = YES;
				COPY_PHASE_STRIP = NO;
				DEBUG_INFORMATION_FORMAT = dwarf;
				ENABLE_STRICT_OBJC_MSGSEND = YES;
				ENABLE_TESTABILITY = YES;
				GCC_C_LANGUAGE_STANDARD = gnu11;
				GCC_DYNAMIC_NO_PIC = NO;
				GCC_NO_COMMON_BLOCKS = YES;
				GCC_OPTIMIZATION_LEVEL = 0;
				GCC_PREPROCESSOR_DEFINITIONS = (
					"DEBUG=1",
					"$(inherited)",
				);
				GCC_WARN_64_TO_32_BIT_CONVERSION = YES;
				GCC_WARN_ABOUT_RETURN_TYPE = YES_ERROR;
				GCC_WARN_UNDECLARED_SELECTOR = YES;
				GCC_WARN_UNINITIALIZED_AUTOS = YES_AGGRESSIVE;
				GCC_WARN_UNUSED_FUNCTION = YES;
				GCC_WARN_UNUSED_VARIABLE = YES;
				IPHONEOS_DEPLOYMENT_TARGET = 14.1;
				MTL_ENABLE_DEBUG_INFO = INCLUDE_SOURCE;
				MTL_FAST_MATH = YES;
				ONLY_ACTIVE_ARCH = YES;
				SDKROOT = iphoneos;
				SWIFT_ACTIVE_COMPILATION_CONDITIONS = DEBUG;
				SWIFT_OPTIMIZATION_LEVEL = "-Onone";
			};
			name = Debug;
		};
		5A1230102547490D00417AEE /* Release */ = {
			isa = XCBuildConfiguration;
			buildSettings = {
				ALWAYS_SEARCH_USER_PATHS = NO;
				CLANG_ANALYZER_NONNULL = YES;
				CLANG_ANALYZER_NUMBER_OBJECT_CONVERSION = YES_AGGRESSIVE;
				CLANG_CXX_LANGUAGE_STANDARD = "gnu++14";
				CLANG_CXX_LIBRARY = "libc++";
				CLANG_ENABLE_MODULES = YES;
				CLANG_ENABLE_OBJC_ARC = YES;
				CLANG_ENABLE_OBJC_WEAK = YES;
				CLANG_WARN_BLOCK_CAPTURE_AUTORELEASING = YES;
				CLANG_WARN_BOOL_CONVERSION = YES;
				CLANG_WARN_COMMA = YES;
				CLANG_WARN_CONSTANT_CONVERSION = YES;
				CLANG_WARN_DEPRECATED_OBJC_IMPLEMENTATIONS = YES;
				CLANG_WARN_DIRECT_OBJC_ISA_USAGE = YES_ERROR;
				CLANG_WARN_DOCUMENTATION_COMMENTS = YES;
				CLANG_WARN_EMPTY_BODY = YES;
				CLANG_WARN_ENUM_CONVERSION = YES;
				CLANG_WARN_INFINITE_RECURSION = YES;
				CLANG_WARN_INT_CONVERSION = YES;
				CLANG_WARN_NON_LITERAL_NULL_CONVERSION = YES;
				CLANG_WARN_OBJC_IMPLICIT_RETAIN_SELF = YES;
				CLANG_WARN_OBJC_LITERAL_CONVERSION = YES;
				CLANG_WARN_OBJC_ROOT_CLASS = YES_ERROR;
				CLANG_WARN_QUOTED_INCLUDE_IN_FRAMEWORK_HEADER = YES;
				CLANG_WARN_RANGE_LOOP_ANALYSIS = YES;
				CLANG_WARN_STRICT_PROTOTYPES = YES;
				CLANG_WARN_SUSPICIOUS_MOVE = YES;
				CLANG_WARN_UNGUARDED_AVAILABILITY = YES_AGGRESSIVE;
				CLANG_WARN_UNREACHABLE_CODE = YES;
				CLANG_WARN__DUPLICATE_METHOD_MATCH = YES;
				COPY_PHASE_STRIP = NO;
				DEBUG_INFORMATION_FORMAT = "dwarf-with-dsym";
				ENABLE_NS_ASSERTIONS = NO;
				ENABLE_STRICT_OBJC_MSGSEND = YES;
				GCC_C_LANGUAGE_STANDARD = gnu11;
				GCC_NO_COMMON_BLOCKS = YES;
				GCC_WARN_64_TO_32_BIT_CONVERSION = YES;
				GCC_WARN_ABOUT_RETURN_TYPE = YES_ERROR;
				GCC_WARN_UNDECLARED_SELECTOR = YES;
				GCC_WARN_UNINITIALIZED_AUTOS = YES_AGGRESSIVE;
				GCC_WARN_UNUSED_FUNCTION = YES;
				GCC_WARN_UNUSED_VARIABLE = YES;
				IPHONEOS_DEPLOYMENT_TARGET = 14.1;
				MTL_ENABLE_DEBUG_INFO = NO;
				MTL_FAST_MATH = YES;
				SDKROOT = iphoneos;
				SWIFT_COMPILATION_MODE = wholemodule;
				SWIFT_OPTIMIZATION_LEVEL = "-O";
				VALIDATE_PRODUCT = YES;
			};
			name = Release;
		};
		5A1230122547490D00417AEE /* Debug */ = {
			isa = XCBuildConfiguration;
			buildSettings = {
				ASSETCATALOG_COMPILER_APPICON_NAME = AppIcon;
				ASSETCATALOG_COMPILER_GLOBAL_ACCENT_COLOR_NAME = AccentColor;
				CODE_SIGN_STYLE = Automatic;
				DEVELOPMENT_TEAM = "";
				INFOPLIST_FILE = Memu/Info.plist;
				LD_RUNPATH_SEARCH_PATHS = (
					"$(inherited)",
					"@executable_path/Frameworks",
				);
				PRODUCT_BUNDLE_IDENTIFIER = MiniChallenge3.Memu;
				PRODUCT_NAME = "$(TARGET_NAME)";
				SWIFT_VERSION = 5.0;
				TARGETED_DEVICE_FAMILY = "1,2";
			};
			name = Debug;
		};
		5A1230132547490D00417AEE /* Release */ = {
			isa = XCBuildConfiguration;
			buildSettings = {
				ASSETCATALOG_COMPILER_APPICON_NAME = AppIcon;
				ASSETCATALOG_COMPILER_GLOBAL_ACCENT_COLOR_NAME = AccentColor;
				CODE_SIGN_STYLE = Automatic;
				DEVELOPMENT_TEAM = "";
				INFOPLIST_FILE = Memu/Info.plist;
				LD_RUNPATH_SEARCH_PATHS = (
					"$(inherited)",
					"@executable_path/Frameworks",
				);
				PRODUCT_BUNDLE_IDENTIFIER = MiniChallenge3.Memu;
				PRODUCT_NAME = "$(TARGET_NAME)";
				SWIFT_VERSION = 5.0;
				TARGETED_DEVICE_FAMILY = "1,2";
			};
			name = Release;
		};
		5A1230152547490D00417AEE /* Debug */ = {
			isa = XCBuildConfiguration;
			buildSettings = {
				ALWAYS_EMBED_SWIFT_STANDARD_LIBRARIES = YES;
				BUNDLE_LOADER = "$(TEST_HOST)";
				CODE_SIGN_STYLE = Automatic;
				INFOPLIST_FILE = MemuTests/Info.plist;
				IPHONEOS_DEPLOYMENT_TARGET = 14.1;
				LD_RUNPATH_SEARCH_PATHS = (
					"$(inherited)",
					"@executable_path/Frameworks",
					"@loader_path/Frameworks",
				);
				PRODUCT_BUNDLE_IDENTIFIER = MiniChallenge3.MemuTests;
				PRODUCT_NAME = "$(TARGET_NAME)";
				SWIFT_VERSION = 5.0;
				TARGETED_DEVICE_FAMILY = "1,2";
				TEST_HOST = "$(BUILT_PRODUCTS_DIR)/Memu.app/Memu";
			};
			name = Debug;
		};
		5A1230162547490D00417AEE /* Release */ = {
			isa = XCBuildConfiguration;
			buildSettings = {
				ALWAYS_EMBED_SWIFT_STANDARD_LIBRARIES = YES;
				BUNDLE_LOADER = "$(TEST_HOST)";
				CODE_SIGN_STYLE = Automatic;
				INFOPLIST_FILE = MemuTests/Info.plist;
				IPHONEOS_DEPLOYMENT_TARGET = 14.1;
				LD_RUNPATH_SEARCH_PATHS = (
					"$(inherited)",
					"@executable_path/Frameworks",
					"@loader_path/Frameworks",
				);
				PRODUCT_BUNDLE_IDENTIFIER = MiniChallenge3.MemuTests;
				PRODUCT_NAME = "$(TARGET_NAME)";
				SWIFT_VERSION = 5.0;
				TARGETED_DEVICE_FAMILY = "1,2";
				TEST_HOST = "$(BUILT_PRODUCTS_DIR)/Memu.app/Memu";
			};
			name = Release;
		};
		5A1230182547490D00417AEE /* Debug */ = {
			isa = XCBuildConfiguration;
			buildSettings = {
				ALWAYS_EMBED_SWIFT_STANDARD_LIBRARIES = YES;
				CODE_SIGN_STYLE = Automatic;
				INFOPLIST_FILE = MemuUITests/Info.plist;
				LD_RUNPATH_SEARCH_PATHS = (
					"$(inherited)",
					"@executable_path/Frameworks",
					"@loader_path/Frameworks",
				);
				PRODUCT_BUNDLE_IDENTIFIER = MiniChallenge3.MemuUITests;
				PRODUCT_NAME = "$(TARGET_NAME)";
				SWIFT_VERSION = 5.0;
				TARGETED_DEVICE_FAMILY = "1,2";
				TEST_TARGET_NAME = Memu;
			};
			name = Debug;
		};
		5A1230192547490D00417AEE /* Release */ = {
			isa = XCBuildConfiguration;
			buildSettings = {
				ALWAYS_EMBED_SWIFT_STANDARD_LIBRARIES = YES;
				CODE_SIGN_STYLE = Automatic;
				INFOPLIST_FILE = MemuUITests/Info.plist;
				LD_RUNPATH_SEARCH_PATHS = (
					"$(inherited)",
					"@executable_path/Frameworks",
					"@loader_path/Frameworks",
				);
				PRODUCT_BUNDLE_IDENTIFIER = MiniChallenge3.MemuUITests;
				PRODUCT_NAME = "$(TARGET_NAME)";
				SWIFT_VERSION = 5.0;
				TARGETED_DEVICE_FAMILY = "1,2";
				TEST_TARGET_NAME = Memu;
			};
			name = Release;
		};
/* End XCBuildConfiguration section */

/* Begin XCConfigurationList section */
		5A122FDF2547490C00417AEE /* Build configuration list for PBXProject "Memu" */ = {
			isa = XCConfigurationList;
			buildConfigurations = (
				5A12300F2547490D00417AEE /* Debug */,
				5A1230102547490D00417AEE /* Release */,
			);
			defaultConfigurationIsVisible = 0;
			defaultConfigurationName = Release;
		};
		5A1230112547490D00417AEE /* Build configuration list for PBXNativeTarget "Memu" */ = {
			isa = XCConfigurationList;
			buildConfigurations = (
				5A1230122547490D00417AEE /* Debug */,
				5A1230132547490D00417AEE /* Release */,
			);
			defaultConfigurationIsVisible = 0;
			defaultConfigurationName = Release;
		};
		5A1230142547490D00417AEE /* Build configuration list for PBXNativeTarget "MemuTests" */ = {
			isa = XCConfigurationList;
			buildConfigurations = (
				5A1230152547490D00417AEE /* Debug */,
				5A1230162547490D00417AEE /* Release */,
			);
			defaultConfigurationIsVisible = 0;
			defaultConfigurationName = Release;
		};
		5A1230172547490D00417AEE /* Build configuration list for PBXNativeTarget "MemuUITests" */ = {
			isa = XCConfigurationList;
			buildConfigurations = (
				5A1230182547490D00417AEE /* Debug */,
				5A1230192547490D00417AEE /* Release */,
			);
			defaultConfigurationIsVisible = 0;
			defaultConfigurationName = Release;
		};
/* End XCConfigurationList section */

/* Begin XCVersionGroup section */
		5A122FF02547490C00417AEE /* Memu.xcdatamodeld */ = {
			isa = XCVersionGroup;
			children = (
				5A122FF12547490C00417AEE /* Memu.xcdatamodel */,
			);
			currentVersion = 5A122FF12547490C00417AEE /* Memu.xcdatamodel */;
			path = Memu.xcdatamodeld;
			sourceTree = "<group>";
			versionGroupType = wrapper.xcdatamodel;
		};
/* End XCVersionGroup section */
	};
	rootObject = 5A122FDC2547490C00417AEE /* Project object */;
}
